Microsoft Visual Studio Solution File, Format Version 12.00
# Visual Studio 15
Project("{2150E333-8FDC-42A3-9474-1A3956D46DE8}") = "CMakePredefinedTargets", "CMakePredefinedTargets", "{0ACECF8D-2C4A-3753-BBB2-CE7E8DA412F1}"
EndProject
Project("{2150E333-8FDC-42A3-9474-1A3956D46DE8}") = "GLFW3", "GLFW3", "{5F74E0BD-EBE0-3334-903D-0A014861A698}"
EndProject
Project("{2150E333-8FDC-42A3-9474-1A3956D46DE8}") = "Examples", "GLFW3\Examples", "{6D2C13F7-E3C4-39D6-A9AA-2522FD098BB7}"
EndProject
Project("{2150E333-8FDC-42A3-9474-1A3956D46DE8}") = "Tests", "GLFW3\Tests", "{C826D7D1-A4FB-36BB-89A8-7D21EC11429B}"
EndProject
Project("{8BC9CEB8-8B4A-11D0-8D11-00A0C91BC942}") = "ALL_BUILD", "ALL_BUILD.vcxproj", "{5A679A7D-2CB7-360E-94F0-61C14105981D}"
	ProjectSection(ProjectDependencies) = postProject
		{1541D536-70A6-30B1-882D-5190D3F1158A} = {1541D536-70A6-30B1-882D-5190D3F1158A}
		{18C30CBA-5469-310E-A3CC-BD6CE4666EDF} = {18C30CBA-5469-310E-A3CC-BD6CE4666EDF}
		{EC056408-5414-39A2-AB4B-8E0F74FCBC6E} = {EC056408-5414-39A2-AB4B-8E0F74FCBC6E}
		{A343F195-50B2-3F03-A39A-07A1CE05903B} = {A343F195-50B2-3F03-A39A-07A1CE05903B}
		{F6EDF932-1518-3BBD-869A-5169C8BCBFB0} = {F6EDF932-1518-3BBD-869A-5169C8BCBFB0}
		{237F4D1C-1C5D-3E56-8CED-DF255173354C} = {237F4D1C-1C5D-3E56-8CED-DF255173354C}
		{3D48C724-ED8E-3A98-ABDE-A7432281EB94} = {3D48C724-ED8E-3A98-ABDE-A7432281EB94}
		{23099A1E-BE40-3F73-AFBE-CA933F7538BF} = {23099A1E-BE40-3F73-AFBE-CA933F7538BF}
		{8518FEC1-6595-3DFE-99FA-420F6F638267} = {8518FEC1-6595-3DFE-99FA-420F6F638267}
		{FD8533F7-686F-3E23-A2AF-A866448FEFC9} = {FD8533F7-686F-3E23-A2AF-A866448FEFC9}
		{83F89BAA-21A2-33A1-B666-BAD26C5F6B94} = {83F89BAA-21A2-33A1-B666-BAD26C5F6B94}
		{F00CDED8-FD85-3ADE-9DDE-DECFFA151A54} = {F00CDED8-FD85-3ADE-9DDE-DECFFA151A54}
		{6A237570-BB72-3391-ACCA-69F8A24A90BD} = {6A237570-BB72-3391-ACCA-69F8A24A90BD}
		{1EA4D65C-5F20-3E1E-A045-2348B6267F7B} = {1EA4D65C-5F20-3E1E-A045-2348B6267F7B}
		{9C0C9000-DFAF-331F-BA6B-C6F83FD889D0} = {9C0C9000-DFAF-331F-BA6B-C6F83FD889D0}
		{C1955822-CB39-38A7-BA25-0EC93021262A} = {C1955822-CB39-38A7-BA25-0EC93021262A}
		{4CD5D152-DF8D-3F76-9851-957801D775F4} = {4CD5D152-DF8D-3F76-9851-957801D775F4}
		{A1E5E05B-AF65-3987-95BA-3EF2C2A2E7DD} = {A1E5E05B-AF65-3987-95BA-3EF2C2A2E7DD}
		{2481A53F-08C9-3C8F-89A2-4DA952CEBF1A} = {2481A53F-08C9-3C8F-89A2-4DA952CEBF1A}
		{7D8B10D4-A96A-31A2-8006-1CCADD6C5EC8} = {7D8B10D4-A96A-31A2-8006-1CCADD6C5EC8}
		{C908BB18-CE71-3913-8FA1-4EE557846F47} = {C908BB18-CE71-3913-8FA1-4EE557846F47}
		{13401704-0AEF-37F4-84D3-B09B9D157161} = {13401704-0AEF-37F4-84D3-B09B9D157161}
		{52C19FF7-4DCB-3B71-892A-A240AA298E7E} = {52C19FF7-4DCB-3B71-892A-A240AA298E7E}
		{CFD36DD0-0559-3174-9137-CE7CCA04E7C6} = {CFD36DD0-0559-3174-9137-CE7CCA04E7C6}
		{04753ADC-6FFD-3D5E-B129-381D9BDA415B} = {04753ADC-6FFD-3D5E-B129-381D9BDA415B}
	EndProjectSection
EndProject
Project("{8BC9CEB8-8B4A-11D0-8D11-00A0C91BC942}") = "INSTALL", "INSTALL.vcxproj", "{194D0C36-9322-32C0-A0A5-F3B113DADE6A}"
	ProjectSection(ProjectDependencies) = postProject
		{5A679A7D-2CB7-360E-94F0-61C14105981D} = {5A679A7D-2CB7-360E-94F0-61C14105981D}
		{1541D536-70A6-30B1-882D-5190D3F1158A} = {1541D536-70A6-30B1-882D-5190D3F1158A}
	EndProjectSection
EndProject
Project("{8BC9CEB8-8B4A-11D0-8D11-00A0C91BC942}") = "ZERO_CHECK", "ZERO_CHECK.vcxproj", "{1541D536-70A6-30B1-882D-5190D3F1158A}"
	ProjectSection(ProjectDependencies) = postProject
	EndProjectSection
EndProject
Project("{8BC9CEB8-8B4A-11D0-8D11-00A0C91BC942}") = "boing", "examples\boing.vcxproj", "{18C30CBA-5469-310E-A3CC-BD6CE4666EDF}"
	ProjectSection(ProjectDependencies) = postProject
		{1541D536-70A6-30B1-882D-5190D3F1158A} = {1541D536-70A6-30B1-882D-5190D3F1158A}
		{8518FEC1-6595-3DFE-99FA-420F6F638267} = {8518FEC1-6595-3DFE-99FA-420F6F638267}
	EndProjectSection
EndProject
Project("{8BC9CEB8-8B4A-11D0-8D11-00A0C91BC942}") = "clipboard", "tests\clipboard.vcxproj", "{EC056408-5414-39A2-AB4B-8E0F74FCBC6E}"
	ProjectSection(ProjectDependencies) = postProject
		{1541D536-70A6-30B1-882D-5190D3F1158A} = {1541D536-70A6-30B1-882D-5190D3F1158A}
		{8518FEC1-6595-3DFE-99FA-420F6F638267} = {8518FEC1-6595-3DFE-99FA-420F6F638267}
	EndProjectSection
EndProject
Project("{8BC9CEB8-8B4A-11D0-8D11-00A0C91BC942}") = "cursor", "tests\cursor.vcxproj", "{A343F195-50B2-3F03-A39A-07A1CE05903B}"
	ProjectSection(ProjectDependencies) = postProject
		{1541D536-70A6-30B1-882D-5190D3F1158A} = {1541D536-70A6-30B1-882D-5190D3F1158A}
		{8518FEC1-6595-3DFE-99FA-420F6F638267} = {8518FEC1-6595-3DFE-99FA-420F6F638267}
	EndProjectSection
EndProject
Project("{8BC9CEB8-8B4A-11D0-8D11-00A0C91BC942}") = "empty", "tests\empty.vcxproj", "{F6EDF932-1518-3BBD-869A-5169C8BCBFB0}"
	ProjectSection(ProjectDependencies) = postProject
		{1541D536-70A6-30B1-882D-5190D3F1158A} = {1541D536-70A6-30B1-882D-5190D3F1158A}
		{8518FEC1-6595-3DFE-99FA-420F6F638267} = {8518FEC1-6595-3DFE-99FA-420F6F638267}
	EndProjectSection
EndProject
Project("{8BC9CEB8-8B4A-11D0-8D11-00A0C91BC942}") = "events", "tests\events.vcxproj", "{237F4D1C-1C5D-3E56-8CED-DF255173354C}"
	ProjectSection(ProjectDependencies) = postProject
		{1541D536-70A6-30B1-882D-5190D3F1158A} = {1541D536-70A6-30B1-882D-5190D3F1158A}
		{8518FEC1-6595-3DFE-99FA-420F6F638267} = {8518FEC1-6595-3DFE-99FA-420F6F638267}
	EndProjectSection
EndProject
Project("{8BC9CEB8-8B4A-11D0-8D11-00A0C91BC942}") = "gamma", "tests\gamma.vcxproj", "{3D48C724-ED8E-3A98-ABDE-A7432281EB94}"
	ProjectSection(ProjectDependencies) = postProject
		{1541D536-70A6-30B1-882D-5190D3F1158A} = {1541D536-70A6-30B1-882D-5190D3F1158A}
		{8518FEC1-6595-3DFE-99FA-420F6F638267} = {8518FEC1-6595-3DFE-99FA-420F6F638267}
	EndProjectSection
EndProject
Project("{8BC9CEB8-8B4A-11D0-8D11-00A0C91BC942}") = "gears", "examples\gears.vcxproj", "{23099A1E-BE40-3F73-AFBE-CA933F7538BF}"
	ProjectSection(ProjectDependencies) = postProject
		{1541D536-70A6-30B1-882D-5190D3F1158A} = {1541D536-70A6-30B1-882D-5190D3F1158A}
		{8518FEC1-6595-3DFE-99FA-420F6F638267} = {8518FEC1-6595-3DFE-99FA-420F6F638267}
	EndProjectSection
EndProject
Project("{8BC9CEB8-8B4A-11D0-8D11-00A0C91BC942}") = "glfw", "src\glfw.vcxproj", "{8518FEC1-6595-3DFE-99FA-420F6F638267}"
	ProjectSection(ProjectDependencies) = postProject
		{1541D536-70A6-30B1-882D-5190D3F1158A} = {1541D536-70A6-30B1-882D-5190D3F1158A}
	EndProjectSection
EndProject
Project("{8BC9CEB8-8B4A-11D0-8D11-00A0C91BC942}") = "glfwinfo", "tests\glfwinfo.vcxproj", "{FD8533F7-686F-3E23-A2AF-A866448FEFC9}"
	ProjectSection(ProjectDependencies) = postProject
		{1541D536-70A6-30B1-882D-5190D3F1158A} = {1541D536-70A6-30B1-882D-5190D3F1158A}
		{8518FEC1-6595-3DFE-99FA-420F6F638267} = {8518FEC1-6595-3DFE-99FA-420F6F638267}
	EndProjectSection
EndProject
Project("{8BC9CEB8-8B4A-11D0-8D11-00A0C91BC942}") = "heightmap", "examples\heightmap.vcxproj", "{83F89BAA-21A2-33A1-B666-BAD26C5F6B94}"
	ProjectSection(ProjectDependencies) = postProject
		{1541D536-70A6-30B1-882D-5190D3F1158A} = {1541D536-70A6-30B1-882D-5190D3F1158A}
		{8518FEC1-6595-3DFE-99FA-420F6F638267} = {8518FEC1-6595-3DFE-99FA-420F6F638267}
	EndProjectSection
EndProject
Project("{8BC9CEB8-8B4A-11D0-8D11-00A0C91BC942}") = "iconify", "tests\iconify.vcxproj", "{F00CDED8-FD85-3ADE-9DDE-DECFFA151A54}"
	ProjectSection(ProjectDependencies) = postProject
		{1541D536-70A6-30B1-882D-5190D3F1158A} = {1541D536-70A6-30B1-882D-5190D3F1158A}
		{8518FEC1-6595-3DFE-99FA-420F6F638267} = {8518FEC1-6595-3DFE-99FA-420F6F638267}
	EndProjectSection
EndProject
Project("{8BC9CEB8-8B4A-11D0-8D11-00A0C91BC942}") = "joysticks", "tests\joysticks.vcxproj", "{6A237570-BB72-3391-ACCA-69F8A24A90BD}"
	ProjectSection(ProjectDependencies) = postProject
		{1541D536-70A6-30B1-882D-5190D3F1158A} = {1541D536-70A6-30B1-882D-5190D3F1158A}
		{8518FEC1-6595-3DFE-99FA-420F6F638267} = {8518FEC1-6595-3DFE-99FA-420F6F638267}
	EndProjectSection
EndProject
Project("{8BC9CEB8-8B4A-11D0-8D11-00A0C91BC942}") = "monitors", "tests\monitors.vcxproj", "{1EA4D65C-5F20-3E1E-A045-2348B6267F7B}"
	ProjectSection(ProjectDependencies) = postProject
		{1541D536-70A6-30B1-882D-5190D3F1158A} = {1541D536-70A6-30B1-882D-5190D3F1158A}
		{8518FEC1-6595-3DFE-99FA-420F6F638267} = {8518FEC1-6595-3DFE-99FA-420F6F638267}
	EndProjectSection
EndProject
Project("{8BC9CEB8-8B4A-11D0-8D11-00A0C91BC942}") = "msaa", "tests\msaa.vcxproj", "{9C0C9000-DFAF-331F-BA6B-C6F83FD889D0}"
	ProjectSection(ProjectDependencies) = postProject
		{1541D536-70A6-30B1-882D-5190D3F1158A} = {1541D536-70A6-30B1-882D-5190D3F1158A}
		{8518FEC1-6595-3DFE-99FA-420F6F638267} = {8518FEC1-6595-3DFE-99FA-420F6F638267}
	EndProjectSection
EndProject
Project("{8BC9CEB8-8B4A-11D0-8D11-00A0C91BC942}") = "particles", "examples\particles.vcxproj", "{C1955822-CB39-38A7-BA25-0EC93021262A}"
	ProjectSection(ProjectDependencies) = postProject
		{1541D536-70A6-30B1-882D-5190D3F1158A} = {1541D536-70A6-30B1-882D-5190D3F1158A}
		{8518FEC1-6595-3DFE-99FA-420F6F638267} = {8518FEC1-6595-3DFE-99FA-420F6F638267}
	EndProjectSection
EndProject
Project("{8BC9CEB8-8B4A-11D0-8D11-00A0C91BC942}") = "reopen", "tests\reopen.vcxproj", "{4CD5D152-DF8D-3F76-9851-957801D775F4}"
	ProjectSection(ProjectDependencies) = postProject
		{1541D536-70A6-30B1-882D-5190D3F1158A} = {1541D536-70A6-30B1-882D-5190D3F1158A}
		{8518FEC1-6595-3DFE-99FA-420F6F638267} = {8518FEC1-6595-3DFE-99FA-420F6F638267}
	EndProjectSection
EndProject
Project("{8BC9CEB8-8B4A-11D0-8D11-00A0C91BC942}") = "sharing", "tests\sharing.vcxproj", "{A1E5E05B-AF65-3987-95BA-3EF2C2A2E7DD}"
	ProjectSection(ProjectDependencies) = postProject
		{1541D536-70A6-30B1-882D-5190D3F1158A} = {1541D536-70A6-30B1-882D-5190D3F1158A}
		{8518FEC1-6595-3DFE-99FA-420F6F638267} = {8518FEC1-6595-3DFE-99FA-420F6F638267}
	EndProjectSection
EndProject
Project("{8BC9CEB8-8B4A-11D0-8D11-00A0C91BC942}") = "simple", "examples\simple.vcxproj", "{2481A53F-08C9-3C8F-89A2-4DA952CEBF1A}"
	ProjectSection(ProjectDependencies) = postProject
		{1541D536-70A6-30B1-882D-5190D3F1158A} = {1541D536-70A6-30B1-882D-5190D3F1158A}
		{8518FEC1-6595-3DFE-99FA-420F6F638267} = {8518FEC1-6595-3DFE-99FA-420F6F638267}
	EndProjectSection
EndProject
Project("{8BC9CEB8-8B4A-11D0-8D11-00A0C91BC942}") = "splitview", "examples\splitview.vcxproj", "{7D8B10D4-A96A-31A2-8006-1CCADD6C5EC8}"
	ProjectSection(ProjectDependencies) = postProject
		{1541D536-70A6-30B1-882D-5190D3F1158A} = {1541D536-70A6-30B1-882D-5190D3F1158A}
		{8518FEC1-6595-3DFE-99FA-420F6F638267} = {8518FEC1-6595-3DFE-99FA-420F6F638267}
	EndProjectSection
EndProject
Project("{8BC9CEB8-8B4A-11D0-8D11-00A0C91BC942}") = "tearing", "tests\tearing.vcxproj", "{C908BB18-CE71-3913-8FA1-4EE557846F47}"
	ProjectSection(ProjectDependencies) = postProject
		{1541D536-70A6-30B1-882D-5190D3F1158A} = {1541D536-70A6-30B1-882D-5190D3F1158A}
		{8518FEC1-6595-3DFE-99FA-420F6F638267} = {8518FEC1-6595-3DFE-99FA-420F6F638267}
	EndProjectSection
EndProject
Project("{8BC9CEB8-8B4A-11D0-8D11-00A0C91BC942}") = "threads", "tests\threads.vcxproj", "{13401704-0AEF-37F4-84D3-B09B9D157161}"
	ProjectSection(ProjectDependencies) = postProject
		{1541D536-70A6-30B1-882D-5190D3F1158A} = {1541D536-70A6-30B1-882D-5190D3F1158A}
		{8518FEC1-6595-3DFE-99FA-420F6F638267} = {8518FEC1-6595-3DFE-99FA-420F6F638267}
	EndProjectSection
EndProject
Project("{8BC9CEB8-8B4A-11D0-8D11-00A0C91BC942}") = "title", "tests\title.vcxproj", "{52C19FF7-4DCB-3B71-892A-A240AA298E7E}"
	ProjectSection(ProjectDependencies) = postProject
		{1541D536-70A6-30B1-882D-5190D3F1158A} = {1541D536-70A6-30B1-882D-5190D3F1158A}
		{8518FEC1-6595-3DFE-99FA-420F6F638267} = {8518FEC1-6595-3DFE-99FA-420F6F638267}
	EndProjectSection
EndProject
Project("{8BC9CEB8-8B4A-11D0-8D11-00A0C91BC942}") = "uninstall", "uninstall.vcxproj", "{B2B7797B-FCD2-3CD7-85E1-68067A7A8D06}"
	ProjectSection(ProjectDependencies) = postProject
		{1541D536-70A6-30B1-882D-5190D3F1158A} = {1541D536-70A6-30B1-882D-5190D3F1158A}
	EndProjectSection
EndProject
Project("{8BC9CEB8-8B4A-11D0-8D11-00A0C91BC942}") = "wave", "examples\wave.vcxproj", "{CFD36DD0-0559-3174-9137-CE7CCA04E7C6}"
	ProjectSection(ProjectDependencies) = postProject
		{1541D536-70A6-30B1-882D-5190D3F1158A} = {1541D536-70A6-30B1-882D-5190D3F1158A}
		{8518FEC1-6595-3DFE-99FA-420F6F638267} = {8518FEC1-6595-3DFE-99FA-420F6F638267}
	EndProjectSection
EndProject
Project("{8BC9CEB8-8B4A-11D0-8D11-00A0C91BC942}") = "windows", "tests\windows.vcxproj", "{04753ADC-6FFD-3D5E-B129-381D9BDA415B}"
	ProjectSection(ProjectDependencies) = postProject
		{1541D536-70A6-30B1-882D-5190D3F1158A} = {1541D536-70A6-30B1-882D-5190D3F1158A}
		{8518FEC1-6595-3DFE-99FA-420F6F638267} = {8518FEC1-6595-3DFE-99FA-420F6F638267}
	EndProjectSection
EndProject
Global
	GlobalSection(SolutionConfigurationPlatforms) = preSolution
		Debug|x64 = Debug|x64
		Release|x64 = Release|x64
		MinSizeRel|x64 = MinSizeRel|x64
		RelWithDebInfo|x64 = RelWithDebInfo|x64
	EndGlobalSection
	GlobalSection(ProjectConfigurationPlatforms) = postSolution
		{5A679A7D-2CB7-360E-94F0-61C14105981D}.Debug|x64.ActiveCfg = Debug|x64
		{5A679A7D-2CB7-360E-94F0-61C14105981D}.Debug|x64.Build.0 = Debug|x64
		{5A679A7D-2CB7-360E-94F0-61C14105981D}.Release|x64.ActiveCfg = Release|x64
		{5A679A7D-2CB7-360E-94F0-61C14105981D}.Release|x64.Build.0 = Release|x64
		{5A679A7D-2CB7-360E-94F0-61C14105981D}.MinSizeRel|x64.ActiveCfg = MinSizeRel|x64
		{5A679A7D-2CB7-360E-94F0-61C14105981D}.MinSizeRel|x64.Build.0 = MinSizeRel|x64
		{5A679A7D-2CB7-360E-94F0-61C14105981D}.RelWithDebInfo|x64.ActiveCfg = RelWithDebInfo|x64
		{5A679A7D-2CB7-360E-94F0-61C14105981D}.RelWithDebInfo|x64.Build.0 = RelWithDebInfo|x64
		{194D0C36-9322-32C0-A0A5-F3B113DADE6A}.Debug|x64.ActiveCfg = Debug|x64
		{194D0C36-9322-32C0-A0A5-F3B113DADE6A}.Release|x64.ActiveCfg = Release|x64
		{194D0C36-9322-32C0-A0A5-F3B113DADE6A}.MinSizeRel|x64.ActiveCfg = MinSizeRel|x64
		{194D0C36-9322-32C0-A0A5-F3B113DADE6A}.RelWithDebInfo|x64.ActiveCfg = RelWithDebInfo|x64
		{1541D536-70A6-30B1-882D-5190D3F1158A}.Debug|x64.ActiveCfg = Debug|x64
		{1541D536-70A6-30B1-882D-5190D3F1158A}.Debug|x64.Build.0 = Debug|x64
		{1541D536-70A6-30B1-882D-5190D3F1158A}.Release|x64.ActiveCfg = Release|x64
		{1541D536-70A6-30B1-882D-5190D3F1158A}.Release|x64.Build.0 = Release|x64
		{1541D536-70A6-30B1-882D-5190D3F1158A}.MinSizeRel|x64.ActiveCfg = MinSizeRel|x64
		{1541D536-70A6-30B1-882D-5190D3F1158A}.MinSizeRel|x64.Build.0 = MinSizeRel|x64
		{1541D536-70A6-30B1-882D-5190D3F1158A}.RelWithDebInfo|x64.ActiveCfg = RelWithDebInfo|x64
		{1541D536-70A6-30B1-882D-5190D3F1158A}.RelWithDebInfo|x64.Build.0 = RelWithDebInfo|x64
		{18C30CBA-5469-310E-A3CC-BD6CE4666EDF}.Debug|x64.ActiveCfg = Debug|x64
		{18C30CBA-5469-310E-A3CC-BD6CE4666EDF}.Debug|x64.Build.0 = Debug|x64
		{18C30CBA-5469-310E-A3CC-BD6CE4666EDF}.Release|x64.ActiveCfg = Release|x64
		{18C30CBA-5469-310E-A3CC-BD6CE4666EDF}.Release|x64.Build.0 = Release|x64
		{18C30CBA-5469-310E-A3CC-BD6CE4666EDF}.MinSizeRel|x64.ActiveCfg = MinSizeRel|x64
		{18C30CBA-5469-310E-A3CC-BD6CE4666EDF}.MinSizeRel|x64.Build.0 = MinSizeRel|x64
		{18C30CBA-5469-310E-A3CC-BD6CE4666EDF}.RelWithDebInfo|x64.ActiveCfg = RelWithDebInfo|x64
		{18C30CBA-5469-310E-A3CC-BD6CE4666EDF}.RelWithDebInfo|x64.Build.0 = RelWithDebInfo|x64
		{EC056408-5414-39A2-AB4B-8E0F74FCBC6E}.Debug|x64.ActiveCfg = Debug|x64
		{EC056408-5414-39A2-AB4B-8E0F74FCBC6E}.Debug|x64.Build.0 = Debug|x64
		{EC056408-5414-39A2-AB4B-8E0F74FCBC6E}.Release|x64.ActiveCfg = Release|x64
		{EC056408-5414-39A2-AB4B-8E0F74FCBC6E}.Release|x64.Build.0 = Release|x64
		{EC056408-5414-39A2-AB4B-8E0F74FCBC6E}.MinSizeRel|x64.ActiveCfg = MinSizeRel|x64
		{EC056408-5414-39A2-AB4B-8E0F74FCBC6E}.MinSizeRel|x64.Build.0 = MinSizeRel|x64
		{EC056408-5414-39A2-AB4B-8E0F74FCBC6E}.RelWithDebInfo|x64.ActiveCfg = RelWithDebInfo|x64
		{EC056408-5414-39A2-AB4B-8E0F74FCBC6E}.RelWithDebInfo|x64.Build.0 = RelWithDebInfo|x64
		{A343F195-50B2-3F03-A39A-07A1CE05903B}.Debug|x64.ActiveCfg = Debug|x64
		{A343F195-50B2-3F03-A39A-07A1CE05903B}.Debug|x64.Build.0 = Debug|x64
		{A343F195-50B2-3F03-A39A-07A1CE05903B}.Release|x64.ActiveCfg = Release|x64
		{A343F195-50B2-3F03-A39A-07A1CE05903B}.Release|x64.Build.0 = Release|x64
		{A343F195-50B2-3F03-A39A-07A1CE05903B}.MinSizeRel|x64.ActiveCfg = MinSizeRel|x64
		{A343F195-50B2-3F03-A39A-07A1CE05903B}.MinSizeRel|x64.Build.0 = MinSizeRel|x64
		{A343F195-50B2-3F03-A39A-07A1CE05903B}.RelWithDebInfo|x64.ActiveCfg = RelWithDebInfo|x64
		{A343F195-50B2-3F03-A39A-07A1CE05903B}.RelWithDebInfo|x64.Build.0 = RelWithDebInfo|x64
		{F6EDF932-1518-3BBD-869A-5169C8BCBFB0}.Debug|x64.ActiveCfg = Debug|x64
		{F6EDF932-1518-3BBD-869A-5169C8BCBFB0}.Debug|x64.Build.0 = Debug|x64
		{F6EDF932-1518-3BBD-869A-5169C8BCBFB0}.Release|x64.ActiveCfg = Release|x64
		{F6EDF932-1518-3BBD-869A-5169C8BCBFB0}.Release|x64.Build.0 = Release|x64
		{F6EDF932-1518-3BBD-869A-5169C8BCBFB0}.MinSizeRel|x64.ActiveCfg = MinSizeRel|x64
		{F6EDF932-1518-3BBD-869A-5169C8BCBFB0}.MinSizeRel|x64.Build.0 = MinSizeRel|x64
		{F6EDF932-1518-3BBD-869A-5169C8BCBFB0}.RelWithDebInfo|x64.ActiveCfg = RelWithDebInfo|x64
		{F6EDF932-1518-3BBD-869A-5169C8BCBFB0}.RelWithDebInfo|x64.Build.0 = RelWithDebInfo|x64
		{237F4D1C-1C5D-3E56-8CED-DF255173354C}.Debug|x64.ActiveCfg = Debug|x64
		{237F4D1C-1C5D-3E56-8CED-DF255173354C}.Debug|x64.Build.0 = Debug|x64
		{237F4D1C-1C5D-3E56-8CED-DF255173354C}.Release|x64.ActiveCfg = Release|x64
		{237F4D1C-1C5D-3E56-8CED-DF255173354C}.Release|x64.Build.0 = Release|x64
		{237F4D1C-1C5D-3E56-8CED-DF255173354C}.MinSizeRel|x64.ActiveCfg = MinSizeRel|x64
		{237F4D1C-1C5D-3E56-8CED-DF255173354C}.MinSizeRel|x64.Build.0 = MinSizeRel|x64
		{237F4D1C-1C5D-3E56-8CED-DF255173354C}.RelWithDebInfo|x64.ActiveCfg = RelWithDebInfo|x64
		{237F4D1C-1C5D-3E56-8CED-DF255173354C}.RelWithDebInfo|x64.Build.0 = RelWithDebInfo|x64
		{3D48C724-ED8E-3A98-ABDE-A7432281EB94}.Debug|x64.ActiveCfg = Debug|x64
		{3D48C724-ED8E-3A98-ABDE-A7432281EB94}.Debug|x64.Build.0 = Debug|x64
		{3D48C724-ED8E-3A98-ABDE-A7432281EB94}.Release|x64.ActiveCfg = Release|x64
		{3D48C724-ED8E-3A98-ABDE-A7432281EB94}.Release|x64.Build.0 = Release|x64
		{3D48C724-ED8E-3A98-ABDE-A7432281EB94}.MinSizeRel|x64.ActiveCfg = MinSizeRel|x64
		{3D48C724-ED8E-3A98-ABDE-A7432281EB94}.MinSizeRel|x64.Build.0 = MinSizeRel|x64
		{3D48C724-ED8E-3A98-ABDE-A7432281EB94}.RelWithDebInfo|x64.ActiveCfg = RelWithDebInfo|x64
		{3D48C724-ED8E-3A98-ABDE-A7432281EB94}.RelWithDebInfo|x64.Build.0 = RelWithDebInfo|x64
		{23099A1E-BE40-3F73-AFBE-CA933F7538BF}.Debug|x64.ActiveCfg = Debug|x64
		{23099A1E-BE40-3F73-AFBE-CA933F7538BF}.Debug|x64.Build.0 = Debug|x64
		{23099A1E-BE40-3F73-AFBE-CA933F7538BF}.Release|x64.ActiveCfg = Release|x64
		{23099A1E-BE40-3F73-AFBE-CA933F7538BF}.Release|x64.Build.0 = Release|x64
		{23099A1E-BE40-3F73-AFBE-CA933F7538BF}.MinSizeRel|x64.ActiveCfg = MinSizeRel|x64
		{23099A1E-BE40-3F73-AFBE-CA933F7538BF}.MinSizeRel|x64.Build.0 = MinSizeRel|x64
		{23099A1E-BE40-3F73-AFBE-CA933F7538BF}.RelWithDebInfo|x64.ActiveCfg = RelWithDebInfo|x64
		{23099A1E-BE40-3F73-AFBE-CA933F7538BF}.RelWithDebInfo|x64.Build.0 = RelWithDebInfo|x64
		{8518FEC1-6595-3DFE-99FA-420F6F638267}.Debug|x64.ActiveCfg = Debug|x64
		{8518FEC1-6595-3DFE-99FA-420F6F638267}.Debug|x64.Build.0 = Debug|x64
		{8518FEC1-6595-3DFE-99FA-420F6F638267}.Release|x64.ActiveCfg = Release|x64
		{8518FEC1-6595-3DFE-99FA-420F6F638267}.Release|x64.Build.0 = Release|x64
		{8518FEC1-6595-3DFE-99FA-420F6F638267}.MinSizeRel|x64.ActiveCfg = MinSizeRel|x64
		{8518FEC1-6595-3DFE-99FA-420F6F638267}.MinSizeRel|x64.Build.0 = MinSizeRel|x64
		{8518FEC1-6595-3DFE-99FA-420F6F638267}.RelWithDebInfo|x64.ActiveCfg = RelWithDebInfo|x64
		{8518FEC1-6595-3DFE-99FA-420F6F638267}.RelWithDebInfo|x64.Build.0 = RelWithDebInfo|x64
		{FD8533F7-686F-3E23-A2AF-A866448FEFC9}.Debug|x64.ActiveCfg = Debug|x64
		{FD8533F7-686F-3E23-A2AF-A866448FEFC9}.Debug|x64.Build.0 = Debug|x64
		{FD8533F7-686F-3E23-A2AF-A866448FEFC9}.Release|x64.ActiveCfg = Release|x64
		{FD8533F7-686F-3E23-A2AF-A866448FEFC9}.Release|x64.Build.0 = Release|x64
		{FD8533F7-686F-3E23-A2AF-A866448FEFC9}.MinSizeRel|x64.ActiveCfg = MinSizeRel|x64
		{FD8533F7-686F-3E23-A2AF-A866448FEFC9}.MinSizeRel|x64.Build.0 = MinSizeRel|x64
		{FD8533F7-686F-3E23-A2AF-A866448FEFC9}.RelWithDebInfo|x64.ActiveCfg = RelWithDebInfo|x64
		{FD8533F7-686F-3E23-A2AF-A866448FEFC9}.RelWithDebInfo|x64.Build.0 = RelWithDebInfo|x64
		{83F89BAA-21A2-33A1-B666-BAD26C5F6B94}.Debug|x64.ActiveCfg = Debug|x64
		{83F89BAA-21A2-33A1-B666-BAD26C5F6B94}.Debug|x64.Build.0 = Debug|x64
		{83F89BAA-21A2-33A1-B666-BAD26C5F6B94}.Release|x64.ActiveCfg = Release|x64
		{83F89BAA-21A2-33A1-B666-BAD26C5F6B94}.Release|x64.Build.0 = Release|x64
		{83F89BAA-21A2-33A1-B666-BAD26C5F6B94}.MinSizeRel|x64.ActiveCfg = MinSizeRel|x64
		{83F89BAA-21A2-33A1-B666-BAD26C5F6B94}.MinSizeRel|x64.Build.0 = MinSizeRel|x64
		{83F89BAA-21A2-33A1-B666-BAD26C5F6B94}.RelWithDebInfo|x64.ActiveCfg = RelWithDebInfo|x64
		{83F89BAA-21A2-33A1-B666-BAD26C5F6B94}.RelWithDebInfo|x64.Build.0 = RelWithDebInfo|x64
		{F00CDED8-FD85-3ADE-9DDE-DECFFA151A54}.Debug|x64.ActiveCfg = Debug|x64
		{F00CDED8-FD85-3ADE-9DDE-DECFFA151A54}.Debug|x64.Build.0 = Debug|x64
		{F00CDED8-FD85-3ADE-9DDE-DECFFA151A54}.Release|x64.ActiveCfg = Release|x64
		{F00CDED8-FD85-3ADE-9DDE-DECFFA151A54}.Release|x64.Build.0 = Release|x64
		{F00CDED8-FD85-3ADE-9DDE-DECFFA151A54}.MinSizeRel|x64.ActiveCfg = MinSizeRel|x64
		{F00CDED8-FD85-3ADE-9DDE-DECFFA151A54}.MinSizeRel|x64.Build.0 = MinSizeRel|x64
		{F00CDED8-FD85-3ADE-9DDE-DECFFA151A54}.RelWithDebInfo|x64.ActiveCfg = RelWithDebInfo|x64
		{F00CDED8-FD85-3ADE-9DDE-DECFFA151A54}.RelWithDebInfo|x64.Build.0 = RelWithDebInfo|x64
		{6A237570-BB72-3391-ACCA-69F8A24A90BD}.Debug|x64.ActiveCfg = Debug|x64
		{6A237570-BB72-3391-ACCA-69F8A24A90BD}.Debug|x64.Build.0 = Debug|x64
		{6A237570-BB72-3391-ACCA-69F8A24A90BD}.Release|x64.ActiveCfg = Release|x64
		{6A237570-BB72-3391-ACCA-69F8A24A90BD}.Release|x64.Build.0 = Release|x64
		{6A237570-BB72-3391-ACCA-69F8A24A90BD}.MinSizeRel|x64.ActiveCfg = MinSizeRel|x64
		{6A237570-BB72-3391-ACCA-69F8A24A90BD}.MinSizeRel|x64.Build.0 = MinSizeRel|x64
		{6A237570-BB72-3391-ACCA-69F8A24A90BD}.RelWithDebInfo|x64.ActiveCfg = RelWithDebInfo|x64
		{6A237570-BB72-3391-ACCA-69F8A24A90BD}.RelWithDebInfo|x64.Build.0 = RelWithDebInfo|x64
		{1EA4D65C-5F20-3E1E-A045-2348B6267F7B}.Debug|x64.ActiveCfg = Debug|x64
		{1EA4D65C-5F20-3E1E-A045-2348B6267F7B}.Debug|x64.Build.0 = Debug|x64
		{1EA4D65C-5F20-3E1E-A045-2348B6267F7B}.Release|x64.ActiveCfg = Release|x64
		{1EA4D65C-5F20-3E1E-A045-2348B6267F7B}.Release|x64.Build.0 = Release|x64
		{1EA4D65C-5F20-3E1E-A045-2348B6267F7B}.MinSizeRel|x64.ActiveCfg = MinSizeRel|x64
		{1EA4D65C-5F20-3E1E-A045-2348B6267F7B}.MinSizeRel|x64.Build.0 = MinSizeRel|x64
		{1EA4D65C-5F20-3E1E-A045-2348B6267F7B}.RelWithDebInfo|x64.ActiveCfg = RelWithDebInfo|x64
		{1EA4D65C-5F20-3E1E-A045-2348B6267F7B}.RelWithDebInfo|x64.Build.0 = RelWithDebInfo|x64
		{9C0C9000-DFAF-331F-BA6B-C6F83FD889D0}.Debug|x64.ActiveCfg = Debug|x64
		{9C0C9000-DFAF-331F-BA6B-C6F83FD889D0}.Debug|x64.Build.0 = Debug|x64
		{9C0C9000-DFAF-331F-BA6B-C6F83FD889D0}.Release|x64.ActiveCfg = Release|x64
		{9C0C9000-DFAF-331F-BA6B-C6F83FD889D0}.Release|x64.Build.0 = Release|x64
		{9C0C9000-DFAF-331F-BA6B-C6F83FD889D0}.MinSizeRel|x64.ActiveCfg = MinSizeRel|x64
		{9C0C9000-DFAF-331F-BA6B-C6F83FD889D0}.MinSizeRel|x64.Build.0 = MinSizeRel|x64
		{9C0C9000-DFAF-331F-BA6B-C6F83FD889D0}.RelWithDebInfo|x64.ActiveCfg = RelWithDebInfo|x64
		{9C0C9000-DFAF-331F-BA6B-C6F83FD889D0}.RelWithDebInfo|x64.Build.0 = RelWithDebInfo|x64
		{C1955822-CB39-38A7-BA25-0EC93021262A}.Debug|x64.ActiveCfg = Debug|x64
		{C1955822-CB39-38A7-BA25-0EC93021262A}.Debug|x64.Build.0 = Debug|x64
		{C1955822-CB39-38A7-BA25-0EC93021262A}.Release|x64.ActiveCfg = Release|x64
		{C1955822-CB39-38A7-BA25-0EC93021262A}.Release|x64.Build.0 = Release|x64
		{C1955822-CB39-38A7-BA25-0EC93021262A}.MinSizeRel|x64.ActiveCfg = MinSizeRel|x64
		{C1955822-CB39-38A7-BA25-0EC93021262A}.MinSizeRel|x64.Build.0 = MinSizeRel|x64
		{C1955822-CB39-38A7-BA25-0EC93021262A}.RelWithDebInfo|x64.ActiveCfg = RelWithDebInfo|x64
		{C1955822-CB39-38A7-BA25-0EC93021262A}.RelWithDebInfo|x64.Build.0 = RelWithDebInfo|x64
		{4CD5D152-DF8D-3F76-9851-957801D775F4}.Debug|x64.ActiveCfg = Debug|x64
		{4CD5D152-DF8D-3F76-9851-957801D775F4}.Debug|x64.Build.0 = Debug|x64
		{4CD5D152-DF8D-3F76-9851-957801D775F4}.Release|x64.ActiveCfg = Release|x64
		{4CD5D152-DF8D-3F76-9851-957801D775F4}.Release|x64.Build.0 = Release|x64
		{4CD5D152-DF8D-3F76-9851-957801D775F4}.MinSizeRel|x64.ActiveCfg = MinSizeRel|x64
		{4CD5D152-DF8D-3F76-9851-957801D775F4}.MinSizeRel|x64.Build.0 = MinSizeRel|x64
		{4CD5D152-DF8D-3F76-9851-957801D775F4}.RelWithDebInfo|x64.ActiveCfg = RelWithDebInfo|x64
		{4CD5D152-DF8D-3F76-9851-957801D775F4}.RelWithDebInfo|x64.Build.0 = RelWithDebInfo|x64
		{A1E5E05B-AF65-3987-95BA-3EF2C2A2E7DD}.Debug|x64.ActiveCfg = Debug|x64
		{A1E5E05B-AF65-3987-95BA-3EF2C2A2E7DD}.Debug|x64.Build.0 = Debug|x64
		{A1E5E05B-AF65-3987-95BA-3EF2C2A2E7DD}.Release|x64.ActiveCfg = Release|x64
		{A1E5E05B-AF65-3987-95BA-3EF2C2A2E7DD}.Release|x64.Build.0 = Release|x64
		{A1E5E05B-AF65-3987-95BA-3EF2C2A2E7DD}.MinSizeRel|x64.ActiveCfg = MinSizeRel|x64
		{A1E5E05B-AF65-3987-95BA-3EF2C2A2E7DD}.MinSizeRel|x64.Build.0 = MinSizeRel|x64
		{A1E5E05B-AF65-3987-95BA-3EF2C2A2E7DD}.RelWithDebInfo|x64.ActiveCfg = RelWithDebInfo|x64
		{A1E5E05B-AF65-3987-95BA-3EF2C2A2E7DD}.RelWithDebInfo|x64.Build.0 = RelWithDebInfo|x64
		{2481A53F-08C9-3C8F-89A2-4DA952CEBF1A}.Debug|x64.ActiveCfg = Debug|x64
		{2481A53F-08C9-3C8F-89A2-4DA952CEBF1A}.Debug|x64.Build.0 = Debug|x64
		{2481A53F-08C9-3C8F-89A2-4DA952CEBF1A}.Release|x64.ActiveCfg = Release|x64
		{2481A53F-08C9-3C8F-89A2-4DA952CEBF1A}.Release|x64.Build.0 = Release|x64
		{2481A53F-08C9-3C8F-89A2-4DA952CEBF1A}.MinSizeRel|x64.ActiveCfg = MinSizeRel|x64
		{2481A53F-08C9-3C8F-89A2-4DA952CEBF1A}.MinSizeRel|x64.Build.0 = MinSizeRel|x64
		{2481A53F-08C9-3C8F-89A2-4DA952CEBF1A}.RelWithDebInfo|x64.ActiveCfg = RelWithDebInfo|x64
		{2481A53F-08C9-3C8F-89A2-4DA952CEBF1A}.RelWithDebInfo|x64.Build.0 = RelWithDebInfo|x64
		{7D8B10D4-A96A-31A2-8006-1CCADD6C5EC8}.Debug|x64.ActiveCfg = Debug|x64
		{7D8B10D4-A96A-31A2-8006-1CCADD6C5EC8}.Debug|x64.Build.0 = Debug|x64
		{7D8B10D4-A96A-31A2-8006-1CCADD6C5EC8}.Release|x64.ActiveCfg = Release|x64
		{7D8B10D4-A96A-31A2-8006-1CCADD6C5EC8}.Release|x64.Build.0 = Release|x64
		{7D8B10D4-A96A-31A2-8006-1CCADD6C5EC8}.MinSizeRel|x64.ActiveCfg = MinSizeRel|x64
		{7D8B10D4-A96A-31A2-8006-1CCADD6C5EC8}.MinSizeRel|x64.Build.0 = MinSizeRel|x64
		{7D8B10D4-A96A-31A2-8006-1CCADD6C5EC8}.RelWithDebInfo|x64.ActiveCfg = RelWithDebInfo|x64
		{7D8B10D4-A96A-31A2-8006-1CCADD6C5EC8}.RelWithDebInfo|x64.Build.0 = RelWithDebInfo|x64
		{C908BB18-CE71-3913-8FA1-4EE557846F47}.Debug|x64.ActiveCfg = Debug|x64
		{C908BB18-CE71-3913-8FA1-4EE557846F47}.Debug|x64.Build.0 = Debug|x64
		{C908BB18-CE71-3913-8FA1-4EE557846F47}.Release|x64.ActiveCfg = Release|x64
		{C908BB18-CE71-3913-8FA1-4EE557846F47}.Release|x64.Build.0 = Release|x64
		{C908BB18-CE71-3913-8FA1-4EE557846F47}.MinSizeRel|x64.ActiveCfg = MinSizeRel|x64
		{C908BB18-CE71-3913-8FA1-4EE557846F47}.MinSizeRel|x64.Build.0 = MinSizeRel|x64
		{C908BB18-CE71-3913-8FA1-4EE557846F47}.RelWithDebInfo|x64.ActiveCfg = RelWithDebInfo|x64
		{C908BB18-CE71-3913-8FA1-4EE557846F47}.RelWithDebInfo|x64.Build.0 = RelWithDebInfo|x64
		{13401704-0AEF-37F4-84D3-B09B9D157161}.Debug|x64.ActiveCfg = Debug|x64
		{13401704-0AEF-37F4-84D3-B09B9D157161}.Debug|x64.Build.0 = Debug|x64
		{13401704-0AEF-37F4-84D3-B09B9D157161}.Release|x64.ActiveCfg = Release|x64
		{13401704-0AEF-37F4-84D3-B09B9D157161}.Release|x64.Build.0 = Release|x64
		{13401704-0AEF-37F4-84D3-B09B9D157161}.MinSizeRel|x64.ActiveCfg = MinSizeRel|x64
		{13401704-0AEF-37F4-84D3-B09B9D157161}.MinSizeRel|x64.Build.0 = MinSizeRel|x64
		{13401704-0AEF-37F4-84D3-B09B9D157161}.RelWithDebInfo|x64.ActiveCfg = RelWithDebInfo|x64
		{13401704-0AEF-37F4-84D3-B09B9D157161}.RelWithDebInfo|x64.Build.0 = RelWithDebInfo|x64
		{52C19FF7-4DCB-3B71-892A-A240AA298E7E}.Debug|x64.ActiveCfg = Debug|x64
		{52C19FF7-4DCB-3B71-892A-A240AA298E7E}.Debug|x64.Build.0 = Debug|x64
		{52C19FF7-4DCB-3B71-892A-A240AA298E7E}.Release|x64.ActiveCfg = Release|x64
		{52C19FF7-4DCB-3B71-892A-A240AA298E7E}.Release|x64.Build.0 = Release|x64
		{52C19FF7-4DCB-3B71-892A-A240AA298E7E}.MinSizeRel|x64.ActiveCfg = MinSizeRel|x64
		{52C19FF7-4DCB-3B71-892A-A240AA298E7E}.MinSizeRel|x64.Build.0 = MinSizeRel|x64
		{52C19FF7-4DCB-3B71-892A-A240AA298E7E}.RelWithDebInfo|x64.ActiveCfg = RelWithDebInfo|x64
		{52C19FF7-4DCB-3B71-892A-A240AA298E7E}.RelWithDebInfo|x64.Build.0 = RelWithDebInfo|x64
		{B2B7797B-FCD2-3CD7-85E1-68067A7A8D06}.Debug|x64.ActiveCfg = Debug|x64
		{B2B7797B-FCD2-3CD7-85E1-68067A7A8D06}.Release|x64.ActiveCfg = Release|x64
		{B2B7797B-FCD2-3CD7-85E1-68067A7A8D06}.MinSizeRel|x64.ActiveCfg = MinSizeRel|x64
		{B2B7797B-FCD2-3CD7-85E1-68067A7A8D06}.RelWithDebInfo|x64.ActiveCfg = RelWithDebInfo|x64
		{CFD36DD0-0559-3174-9137-CE7CCA04E7C6}.Debug|x64.ActiveCfg = Debug|x64
		{CFD36DD0-0559-3174-9137-CE7CCA04E7C6}.Debug|x64.Build.0 = Debug|x64
		{CFD36DD0-0559-3174-9137-CE7CCA04E7C6}.Release|x64.ActiveCfg = Release|x64
		{CFD36DD0-0559-3174-9137-CE7CCA04E7C6}.Release|x64.Build.0 = Release|x64
		{CFD36DD0-0559-3174-9137-CE7CCA04E7C6}.MinSizeRel|x64.ActiveCfg = MinSizeRel|x64
		{CFD36DD0-0559-3174-9137-CE7CCA04E7C6}.MinSizeRel|x64.Build.0 = MinSizeRel|x64
		{CFD36DD0-0559-3174-9137-CE7CCA04E7C6}.RelWithDebInfo|x64.ActiveCfg = RelWithDebInfo|x64
		{CFD36DD0-0559-3174-9137-CE7CCA04E7C6}.RelWithDebInfo|x64.Build.0 = RelWithDebInfo|x64
		{04753ADC-6FFD-3D5E-B129-381D9BDA415B}.Debug|x64.ActiveCfg = Debug|x64
		{04753ADC-6FFD-3D5E-B129-381D9BDA415B}.Debug|x64.Build.0 = Debug|x64
		{04753ADC-6FFD-3D5E-B129-381D9BDA415B}.Release|x64.ActiveCfg = Release|x64
		{04753ADC-6FFD-3D5E-B129-381D9BDA415B}.Release|x64.Build.0 = Release|x64
		{04753ADC-6FFD-3D5E-B129-381D9BDA415B}.MinSizeRel|x64.ActiveCfg = MinSizeRel|x64
		{04753ADC-6FFD-3D5E-B129-381D9BDA415B}.MinSizeRel|x64.Build.0 = MinSizeRel|x64
		{04753ADC-6FFD-3D5E-B129-381D9BDA415B}.RelWithDebInfo|x64.ActiveCfg = RelWithDebInfo|x64
		{04753ADC-6FFD-3D5E-B129-381D9BDA415B}.RelWithDebInfo|x64.Build.0 = RelWithDebInfo|x64
	EndGlobalSection
	GlobalSection(NestedProjects) = preSolution
		{5A679A7D-2CB7-360E-94F0-61C14105981D} = {0ACECF8D-2C4A-3753-BBB2-CE7E8DA412F1}
		{194D0C36-9322-32C0-A0A5-F3B113DADE6A} = {0ACECF8D-2C4A-3753-BBB2-CE7E8DA412F1}
		{1541D536-70A6-30B1-882D-5190D3F1158A} = {0ACECF8D-2C4A-3753-BBB2-CE7E8DA412F1}
		{6D2C13F7-E3C4-39D6-A9AA-2522FD098BB7} = {5F74E0BD-EBE0-3334-903D-0A014861A698}
		{C826D7D1-A4FB-36BB-89A8-7D21EC11429B} = {5F74E0BD-EBE0-3334-903D-0A014861A698}
		{8518FEC1-6595-3DFE-99FA-420F6F638267} = {5F74E0BD-EBE0-3334-903D-0A014861A698}
		{18C30CBA-5469-310E-A3CC-BD6CE4666EDF} = {6D2C13F7-E3C4-39D6-A9AA-2522FD098BB7}
		{23099A1E-BE40-3F73-AFBE-CA933F7538BF} = {6D2C13F7-E3C4-39D6-A9AA-2522FD098BB7}
		{83F89BAA-21A2-33A1-B666-BAD26C5F6B94} = {6D2C13F7-E3C4-39D6-A9AA-2522FD098BB7}
		{C1955822-CB39-38A7-BA25-0EC93021262A} = {6D2C13F7-E3C4-39D6-A9AA-2522FD098BB7}
		{2481A53F-08C9-3C8F-89A2-4DA952CEBF1A} = {6D2C13F7-E3C4-39D6-A9AA-2522FD098BB7}
		{7D8B10D4-A96A-31A2-8006-1CCADD6C5EC8} = {6D2C13F7-E3C4-39D6-A9AA-2522FD098BB7}
		{CFD36DD0-0559-3174-9137-CE7CCA04E7C6} = {6D2C13F7-E3C4-39D6-A9AA-2522FD098BB7}
		{EC056408-5414-39A2-AB4B-8E0F74FCBC6E} = {C826D7D1-A4FB-36BB-89A8-7D21EC11429B}
		{A343F195-50B2-3F03-A39A-07A1CE05903B} = {C826D7D1-A4FB-36BB-89A8-7D21EC11429B}
		{F6EDF932-1518-3BBD-869A-5169C8BCBFB0} = {C826D7D1-A4FB-36BB-89A8-7D21EC11429B}
		{237F4D1C-1C5D-3E56-8CED-DF255173354C} = {C826D7D1-A4FB-36BB-89A8-7D21EC11429B}
		{3D48C724-ED8E-3A98-ABDE-A7432281EB94} = {C826D7D1-A4FB-36BB-89A8-7D21EC11429B}
		{FD8533F7-686F-3E23-A2AF-A866448FEFC9} = {C826D7D1-A4FB-36BB-89A8-7D21EC11429B}
		{F00CDED8-FD85-3ADE-9DDE-DECFFA151A54} = {C826D7D1-A4FB-36BB-89A8-7D21EC11429B}
		{6A237570-BB72-3391-ACCA-69F8A24A90BD} = {C826D7D1-A4FB-36BB-89A8-7D21EC11429B}
		{1EA4D65C-5F20-3E1E-A045-2348B6267F7B} = {C826D7D1-A4FB-36BB-89A8-7D21EC11429B}
		{9C0C9000-DFAF-331F-BA6B-C6F83FD889D0} = {C826D7D1-A4FB-36BB-89A8-7D21EC11429B}
		{4CD5D152-DF8D-3F76-9851-957801D775F4} = {C826D7D1-A4FB-36BB-89A8-7D21EC11429B}
		{A1E5E05B-AF65-3987-95BA-3EF2C2A2E7DD} = {C826D7D1-A4FB-36BB-89A8-7D21EC11429B}
		{C908BB18-CE71-3913-8FA1-4EE557846F47} = {C826D7D1-A4FB-36BB-89A8-7D21EC11429B}
		{13401704-0AEF-37F4-84D3-B09B9D157161} = {C826D7D1-A4FB-36BB-89A8-7D21EC11429B}
		{52C19FF7-4DCB-3B71-892A-A240AA298E7E} = {C826D7D1-A4FB-36BB-89A8-7D21EC11429B}
		{04753ADC-6FFD-3D5E-B129-381D9BDA415B} = {C826D7D1-A4FB-36BB-89A8-7D21EC11429B}
	EndGlobalSection
	GlobalSection(ExtensibilityGlobals) = postSolution
		SolutionGuid = {40D12A0B-EA38-3691-93D0-9769062EC94B}
	EndGlobalSection
	GlobalSection(ExtensibilityAddIns) = postSolution
	EndGlobalSection
EndGlobal
